// !$*UTF8*$!
{
	archiveVersion = 1;
	classes = {
	};
	objectVersion = 46;
	objects = {

/* Begin PBXFileReference section */
		BE5F2D7E1C1FD3CC005496CF /* leg.cpp */ = {isa = PBXFileReference; fileEncoding = 4; lastKnownFileType = sourcecode.cpp.cpp; name = leg.cpp; path = src/leg.cpp; sourceTree = "<group>"; };
		BE5F2D7F1C1FD3CC005496CF /* leg.h */ = {isa = PBXFileReference; fileEncoding = 4; lastKnownFileType = sourcecode.c.h; name = leg.h; path = src/leg.h; sourceTree = "<group>"; };
		BE5F2D801C1FD3CC005496CF /* main.cpp */ = {isa = PBXFileReference; fileEncoding = 4; lastKnownFileType = sourcecode.cpp.cpp; name = main.cpp; path = src/main.cpp; sourceTree = "<group>"; };
		BE5F2D811C1FD3CC005496CF /* Meshes.cpp */ = {isa = PBXFileReference; fileEncoding = 4; lastKnownFileType = sourcecode.cpp.cpp; name = Meshes.cpp; path = src/Meshes.cpp; sourceTree = "<group>"; };
		BE5F2D821C1FD3CC005496CF /* Meshes.h */ = {isa = PBXFileReference; fileEncoding = 4; lastKnownFileType = sourcecode.c.h; name = Meshes.h; path = src/Meshes.h; sourceTree = "<group>"; };
		BE5F2D831C1FD3CC005496CF /* MeshFn.cpp */ = {isa = PBXFileReference; fileEncoding = 4; lastKnownFileType = sourcecode.cpp.cpp; name = MeshFn.cpp; path = src/MeshFn.cpp; sourceTree = "<group>"; };
		BE5F2D841C1FD3CC005496CF /* MeshFn.h */ = {isa = PBXFileReference; fileEncoding = 4; lastKnownFileType = sourcecode.c.h; name = MeshFn.h; path = src/MeshFn.h; sourceTree = "<group>"; };
		BE5F2D851C1FD3CC005496CF /* PolyMesh.cpp */ = {isa = PBXFileReference; fileEncoding = 4; lastKnownFileType = sourcecode.cpp.cpp; name = PolyMesh.cpp; path = src/PolyMesh.cpp; sourceTree = "<group>"; };
		BE5F2D861C1FD3CC005496CF /* PolyMesh.h */ = {isa = PBXFileReference; fileEncoding = 4; lastKnownFileType = sourcecode.c.h; name = PolyMesh.h; path = src/PolyMesh.h; sourceTree = "<group>"; };
		BE5F2D871C1FD445005496CF /* cpolyg */ = {isa = PBXFileReference; lastKnownFileType = "compiled.mach-o.executable"; path = cpolyg; sourceTree = "<group>"; };
/* End PBXFileReference section */

/* Begin PBXGroup section */
		BE95AF1A1C1F9C200009FE6F = {
			isa = PBXGroup;
			children = (
				BE5F2D7E1C1FD3CC005496CF /* leg.cpp */,
				BE5F2D7F1C1FD3CC005496CF /* leg.h */,
				BE5F2D801C1FD3CC005496CF /* main.cpp */,
				BE5F2D811C1FD3CC005496CF /* Meshes.cpp */,
				BE5F2D821C1FD3CC005496CF /* Meshes.h */,
				BE5F2D831C1FD3CC005496CF /* MeshFn.cpp */,
				BE5F2D841C1FD3CC005496CF /* MeshFn.h */,
				BE5F2D851C1FD3CC005496CF /* PolyMesh.cpp */,
				BE5F2D861C1FD3CC005496CF /* PolyMesh.h */,
				BE5F2D871C1FD445005496CF /* cpolyg */,
			);
			sourceTree = "<group>";
		};
/* End PBXGroup section */

/* Begin PBXLegacyTarget section */
		BE95AF2F1C1F9D280009FE6F /* cpolyg */ = {
			isa = PBXLegacyTarget;
			buildArgumentsString = "";
			buildConfigurationList = BE95AF301C1F9D280009FE6F /* Build configuration list for PBXLegacyTarget "cpolyg" */;
			buildPhases = (
			);
			buildToolPath = /usr/bin/make;
			buildWorkingDirectory = "";
			dependencies = (
			);
			name = cpolyg;
			passBuildSettingsInEnvironment = 0;
			productName = cpolyg;
		};
/* End PBXLegacyTarget section */

/* Begin PBXProject section */
		BE95AF1B1C1F9C200009FE6F /* Project object */ = {
			isa = PBXProject;
			attributes = {
				LastUpgradeCheck = 0720;
				ORGANIZATIONNAME = "Will Pazner";
				TargetAttributes = {
					BE95AF2F1C1F9D280009FE6F = {
						CreatedOnToolsVersion = 7.2;
					};
				};
			};
			buildConfigurationList = BE95AF1E1C1F9C200009FE6F /* Build configuration list for PBXProject "cpolyg-proj" */;
			compatibilityVersion = "Xcode 3.2";
			developmentRegion = English;
			hasScannedForEncodings = 0;
			knownRegions = (
				en,
			);
			mainGroup = BE95AF1A1C1F9C200009FE6F;
			projectDirPath = "";
			projectRoot = "";
			targets = (
				BE95AF2F1C1F9D280009FE6F /* cpolyg */,
			);
		};
/* End PBXProject section */

/* Begin XCBuildConfiguration section */
		BE95AF201C1F9C200009FE6F /* Debug */ = {
			isa = XCBuildConfiguration;
			buildSettings = {
				ALWAYS_SEARCH_USER_PATHS = NO;
				CLANG_CXX_LANGUAGE_STANDARD = "gnu++0x";
				CLANG_CXX_LIBRARY = "libc++";
				CLANG_ENABLE_MODULES = YES;
				CLANG_ENABLE_OBJC_ARC = YES;
				CLANG_WARN_BOOL_CONVERSION = YES;
				CLANG_WARN_CONSTANT_CONVERSION = YES;
				CLANG_WARN_DIRECT_OBJC_ISA_USAGE = YES_ERROR;
				CLANG_WARN_EMPTY_BODY = YES;
				CLANG_WARN_ENUM_CONVERSION = YES;
				CLANG_WARN_INT_CONVERSION = YES;
				CLANG_WARN_OBJC_ROOT_CLASS = YES_ERROR;
				CLANG_WARN_UNREACHABLE_CODE = YES;
				CLANG_WARN__DUPLICATE_METHOD_MATCH = YES;
				COPY_PHASE_STRIP = NO;
				DEBUG_INFORMATION_FORMAT = dwarf;
				ENABLE_STRICT_OBJC_MSGSEND = YES;
				ENABLE_TESTABILITY = YES;
				GCC_C_LANGUAGE_STANDARD = gnu99;
				GCC_DYNAMIC_NO_PIC = NO;
				GCC_NO_COMMON_BLOCKS = YES;
				GCC_OPTIMIZATION_LEVEL = 0;
				GCC_PREPROCESSOR_DEFINITIONS = (
					"DEBUG=1",
					"$(inherited)",
				);
				GCC_WARN_64_TO_32_BIT_CONVERSION = YES;
				GCC_WARN_ABOUT_RETURN_TYPE = YES_ERROR;
				GCC_WARN_UNDECLARED_SELECTOR = YES;
				GCC_WARN_UNINITIALIZED_AUTOS = YES_AGGRESSIVE;
				GCC_WARN_UNUSED_FUNCTION = YES;
				GCC_WARN_UNUSED_VARIABLE = YES;
				MTL_ENABLE_DEBUG_INFO = YES;
				ONLY_ACTIVE_ARCH = YES;
			};
			name = Debug;
		};
		BE95AF211C1F9C200009FE6F /* Release */ = {
			isa = XCBuildConfiguration;
			buildSettings = {
				ALWAYS_SEARCH_USER_PATHS = NO;
				CLANG_CXX_LANGUAGE_STANDARD = "gnu++0x";
				CLANG_CXX_LIBRARY = "libc++";
				CLANG_ENABLE_MODULES = YES;
				CLANG_ENABLE_OBJC_ARC = YES;
				CLANG_WARN_BOOL_CONVERSION = YES;
				CLANG_WARN_CONSTANT_CONVERSION = YES;
				CLANG_WARN_DIRECT_OBJC_ISA_USAGE = YES_ERROR;
				CLANG_WARN_EMPTY_BODY = YES;
				CLANG_WARN_ENUM_CONVERSION = YES;
				CLANG_WARN_INT_CONVERSION = YES;
				CLANG_WARN_OBJC_ROOT_CLASS = YES_ERROR;
				CLANG_WARN_UNREACHABLE_CODE = YES;
				CLANG_WARN__DUPLICATE_METHOD_MATCH = YES;
				COPY_PHASE_STRIP = NO;
				DEBUG_INFORMATION_FORMAT = "dwarf-with-dsym";
				ENABLE_NS_ASSERTIONS = NO;
				ENABLE_STRICT_OBJC_MSGSEND = YES;
				GCC_C_LANGUAGE_STANDARD = gnu99;
				GCC_NO_COMMON_BLOCKS = YES;
				GCC_WARN_64_TO_32_BIT_CONVERSION = YES;
				GCC_WARN_ABOUT_RETURN_TYPE = YES_ERROR;
				GCC_WARN_UNDECLARED_SELECTOR = YES;
				GCC_WARN_UNINITIALIZED_AUTOS = YES_AGGRESSIVE;
				GCC_WARN_UNUSED_FUNCTION = YES;
				GCC_WARN_UNUSED_VARIABLE = YES;
				MTL_ENABLE_DEBUG_INFO = NO;
			};
			name = Release;
		};
		BE95AF311C1F9D280009FE6F /* Debug */ = {
			isa = XCBuildConfiguration;
			buildSettings = {
				DEBUGGING_SYMBOLS = YES;
				DEBUG_INFORMATION_FORMAT = dwarf;
				GCC_GENERATE_DEBUGGING_SYMBOLS = YES;
				GCC_OPTIMIZATION_LEVEL = 0;
				OTHER_CFLAGS = "";
				OTHER_LDFLAGS = "";
				PRODUCT_NAME = "$(TARGET_NAME)";
			};
			name = Debug;
		};
		BE95AF321C1F9D280009FE6F /* Release */ = {
			isa = XCBuildConfiguration;
			buildSettings = {
				DEBUG_INFORMATION_FORMAT = "dwarf-with-dsym";
				OTHER_CFLAGS = "";
				OTHER_LDFLAGS = "";
				PRODUCT_NAME = "$(TARGET_NAME)";
			};
			name = Release;
		};
/* End XCBuildConfiguration section */

/* Begin XCConfigurationList section */
		BE95AF1E1C1F9C200009FE6F /* Build configuration list for PBXProject "cpolyg-proj" */ = {
			isa = XCConfigurationList;
			buildConfigurations = (
				BE95AF201C1F9C200009FE6F /* Debug */,
				BE95AF211C1F9C200009FE6F /* Release */,
			);
			defaultConfigurationIsVisible = 0;
			defaultConfigurationName = Release;
		};
		BE95AF301C1F9D280009FE6F /* Build configuration list for PBXLegacyTarget "cpolyg" */ = {
			isa = XCConfigurationList;
			buildConfigurations = (
				BE95AF311C1F9D280009FE6F /* Debug */,
				BE95AF321C1F9D280009FE6F /* Release */,
			);
			defaultConfigurationIsVisible = 0;
			defaultConfigurationName = Release;
		};
/* End XCConfigurationList section */
	};
	rootObject = BE95AF1B1C1F9C200009FE6F /* Project object */;
}
